// !$*UTF8*$!
{
	archiveVersion = 1;
	classes = {
	};
	objectVersion = 55;
	objects = {

/* Begin PBXBuildFile section */
		7BE9565B28B500B300E60176 /* FaveQsApp.swift in Sources */ = {isa = PBXBuildFile; fileRef = 7BE9565A28B500B300E60176 /* FaveQsApp.swift */; };
		7BE9565D28B500B300E60176 /* ContentView.swift in Sources */ = {isa = PBXBuildFile; fileRef = 7BE9565C28B500B300E60176 /* ContentView.swift */; };
		7BE9565F28B500B400E60176 /* Assets.xcassets in Resources */ = {isa = PBXBuildFile; fileRef = 7BE9565E28B500B400E60176 /* Assets.xcassets */; };
		7BE9566228B500B400E60176 /* Preview Assets.xcassets in Resources */ = {isa = PBXBuildFile; fileRef = 7BE9566128B500B400E60176 /* Preview Assets.xcassets */; };
		7BE9566C28B535CE00E60176 /* LoginView.swift in Sources */ = {isa = PBXBuildFile; fileRef = 7BE9566B28B535CE00E60176 /* LoginView.swift */; };
		7BE9566F28B577AF00E60176 /* RandomQuoteView.swift in Sources */ = {isa = PBXBuildFile; fileRef = 7BE9566E28B577AF00E60176 /* RandomQuoteView.swift */; };
		7BEA65C428B7650D0006B905 /* QuoteListView.swift in Sources */ = {isa = PBXBuildFile; fileRef = 7BEA65C228B7650D0006B905 /* QuoteListView.swift */; };
		7BEA65C528B7650D0006B905 /* QuoteRow.swift in Sources */ = {isa = PBXBuildFile; fileRef = 7BEA65C328B7650D0006B905 /* QuoteRow.swift */; };
		7BEA65D128B765240006B905 /* CustomTabBarView.swift in Sources */ = {isa = PBXBuildFile; fileRef = 7BEA65CA28B765240006B905 /* CustomTabBarView.swift */; };
		7BEA65D228B765240006B905 /* TabBarButton.swift in Sources */ = {isa = PBXBuildFile; fileRef = 7BEA65CB28B765240006B905 /* TabBarButton.swift */; };
		7BEA65D428B765240006B905 /* TagsView.swift in Sources */ = {isa = PBXBuildFile; fileRef = 7BEA65CD28B765240006B905 /* TagsView.swift */; };
		7BEA65D528B765240006B905 /* Color+Extension.swift in Sources */ = {isa = PBXBuildFile; fileRef = 7BEA65CF28B765240006B905 /* Color+Extension.swift */; };
		7BEA65D828B767410006B905 /* Quote.swift in Sources */ = {isa = PBXBuildFile; fileRef = 7BEA65D728B767410006B905 /* Quote.swift */; };
		7BEA65DA28B769B80006B905 /* QuoteDetailsView.swift in Sources */ = {isa = PBXBuildFile; fileRef = 7BEA65D928B769B80006B905 /* QuoteDetailsView.swift */; };
		7BEA65DD28B77B9E0006B905 /* Service.swift in Sources */ = {isa = PBXBuildFile; fileRef = 7BEA65DC28B77B9E0006B905 /* Service.swift */; };
		7BEA65E228B77C400006B905 /* Alamofire in Frameworks */ = {isa = PBXBuildFile; productRef = 7BEA65E128B77C400006B905 /* Alamofire */; };
		7BEA65E628B7BC010006B905 /* QuoteResponse.swift in Sources */ = {isa = PBXBuildFile; fileRef = 7BEA65E528B7BC010006B905 /* QuoteResponse.swift */; };
		7BEA65E828B7BC1F0006B905 /* QuoteViewModel.swift in Sources */ = {isa = PBXBuildFile; fileRef = 7BEA65E728B7BC1F0006B905 /* QuoteViewModel.swift */; };
		7BEA65EE28B8148C0006B905 /* Theme.swift in Sources */ = {isa = PBXBuildFile; fileRef = 7BEA65ED28B8148C0006B905 /* Theme.swift */; };
		7BEA65F028B8BD5C0006B905 /* HUDView.swift in Sources */ = {isa = PBXBuildFile; fileRef = 7BEA65EF28B8BD5C0006B905 /* HUDView.swift */; };
		7BEA65F528B92C5A0006B905 /* ActionButton.swift in Sources */ = {isa = PBXBuildFile; fileRef = 7BEA65F428B92C5A0006B905 /* ActionButton.swift */; };
		7BEA65F928B9361B0006B905 /* FilteredQuotesView.swift in Sources */ = {isa = PBXBuildFile; fileRef = 7BEA65F828B9361B0006B905 /* FilteredQuotesView.swift */; };
		7BEA65FB28B951B70006B905 /* NSNotificationName+Extension.swift in Sources */ = {isa = PBXBuildFile; fileRef = 7BEA65FA28B951B70006B905 /* NSNotificationName+Extension.swift */; };
		7BEA65FD28B963A20006B905 /* TagViewModel.swift in Sources */ = {isa = PBXBuildFile; fileRef = 7BEA65FC28B963A20006B905 /* TagViewModel.swift */; };
		7BEA65FF28B96F720006B905 /* ActivityViewController.swift in Sources */ = {isa = PBXBuildFile; fileRef = 7BEA65FE28B96F720006B905 /* ActivityViewController.swift */; };
		7BEA660228BA04FA0006B905 /* FavoritesView.swift in Sources */ = {isa = PBXBuildFile; fileRef = 7BEA660128BA04FA0006B905 /* FavoritesView.swift */; };
		7BEA660428BA05EA0006B905 /* Session.swift in Sources */ = {isa = PBXBuildFile; fileRef = 7BEA660328BA05EA0006B905 /* Session.swift */; };
		7BEA660628BA0DC90006B905 /* SessionViewModel.swift in Sources */ = {isa = PBXBuildFile; fileRef = 7BEA660528BA0DC90006B905 /* SessionViewModel.swift */; };
/* End PBXBuildFile section */

/* Begin PBXFileReference section */
		7BE9565728B500B300E60176 /* FaveQs.app */ = {isa = PBXFileReference; explicitFileType = wrapper.application; includeInIndex = 0; path = FaveQs.app; sourceTree = BUILT_PRODUCTS_DIR; };
		7BE9565A28B500B300E60176 /* FaveQsApp.swift */ = {isa = PBXFileReference; lastKnownFileType = sourcecode.swift; path = FaveQsApp.swift; sourceTree = "<group>"; };
		7BE9565C28B500B300E60176 /* ContentView.swift */ = {isa = PBXFileReference; lastKnownFileType = sourcecode.swift; path = ContentView.swift; sourceTree = "<group>"; };
		7BE9565E28B500B400E60176 /* Assets.xcassets */ = {isa = PBXFileReference; lastKnownFileType = folder.assetcatalog; path = Assets.xcassets; sourceTree = "<group>"; };
		7BE9566128B500B400E60176 /* Preview Assets.xcassets */ = {isa = PBXFileReference; lastKnownFileType = folder.assetcatalog; path = "Preview Assets.xcassets"; sourceTree = "<group>"; };
		7BE9566B28B535CE00E60176 /* LoginView.swift */ = {isa = PBXFileReference; lastKnownFileType = sourcecode.swift; path = LoginView.swift; sourceTree = "<group>"; };
		7BE9566E28B577AF00E60176 /* RandomQuoteView.swift */ = {isa = PBXFileReference; lastKnownFileType = sourcecode.swift; path = RandomQuoteView.swift; sourceTree = "<group>"; };
		7BEA65C228B7650D0006B905 /* QuoteListView.swift */ = {isa = PBXFileReference; fileEncoding = 4; lastKnownFileType = sourcecode.swift; path = QuoteListView.swift; sourceTree = "<group>"; };
		7BEA65C328B7650D0006B905 /* QuoteRow.swift */ = {isa = PBXFileReference; fileEncoding = 4; lastKnownFileType = sourcecode.swift; path = QuoteRow.swift; sourceTree = "<group>"; };
		7BEA65CA28B765240006B905 /* CustomTabBarView.swift */ = {isa = PBXFileReference; fileEncoding = 4; lastKnownFileType = sourcecode.swift; path = CustomTabBarView.swift; sourceTree = "<group>"; };
		7BEA65CB28B765240006B905 /* TabBarButton.swift */ = {isa = PBXFileReference; fileEncoding = 4; lastKnownFileType = sourcecode.swift; path = TabBarButton.swift; sourceTree = "<group>"; };
		7BEA65CD28B765240006B905 /* TagsView.swift */ = {isa = PBXFileReference; fileEncoding = 4; lastKnownFileType = sourcecode.swift; path = TagsView.swift; sourceTree = "<group>"; };
		7BEA65CF28B765240006B905 /* Color+Extension.swift */ = {isa = PBXFileReference; fileEncoding = 4; lastKnownFileType = sourcecode.swift; path = "Color+Extension.swift"; sourceTree = "<group>"; };
		7BEA65D728B767410006B905 /* Quote.swift */ = {isa = PBXFileReference; lastKnownFileType = sourcecode.swift; path = Quote.swift; sourceTree = "<group>"; };
		7BEA65D928B769B80006B905 /* QuoteDetailsView.swift */ = {isa = PBXFileReference; lastKnownFileType = sourcecode.swift; path = QuoteDetailsView.swift; sourceTree = "<group>"; };
		7BEA65DC28B77B9E0006B905 /* Service.swift */ = {isa = PBXFileReference; lastKnownFileType = sourcecode.swift; path = Service.swift; sourceTree = "<group>"; };
		7BEA65E528B7BC010006B905 /* QuoteResponse.swift */ = {isa = PBXFileReference; lastKnownFileType = sourcecode.swift; path = QuoteResponse.swift; sourceTree = "<group>"; };
		7BEA65E728B7BC1F0006B905 /* QuoteViewModel.swift */ = {isa = PBXFileReference; lastKnownFileType = sourcecode.swift; path = QuoteViewModel.swift; sourceTree = "<group>"; };
		7BEA65ED28B8148C0006B905 /* Theme.swift */ = {isa = PBXFileReference; fileEncoding = 4; lastKnownFileType = sourcecode.swift; path = Theme.swift; sourceTree = "<group>"; };
		7BEA65EF28B8BD5C0006B905 /* HUDView.swift */ = {isa = PBXFileReference; fileEncoding = 4; lastKnownFileType = sourcecode.swift; path = HUDView.swift; sourceTree = "<group>"; };
		7BEA65F128B8CA5A0006B905 /* Info.plist */ = {isa = PBXFileReference; lastKnownFileType = text.plist; path = Info.plist; sourceTree = "<group>"; };
		7BEA65F428B92C5A0006B905 /* ActionButton.swift */ = {isa = PBXFileReference; lastKnownFileType = sourcecode.swift; path = ActionButton.swift; sourceTree = "<group>"; };
		7BEA65F828B9361B0006B905 /* FilteredQuotesView.swift */ = {isa = PBXFileReference; lastKnownFileType = sourcecode.swift; path = FilteredQuotesView.swift; sourceTree = "<group>"; };
		7BEA65FA28B951B70006B905 /* NSNotificationName+Extension.swift */ = {isa = PBXFileReference; lastKnownFileType = sourcecode.swift; path = "NSNotificationName+Extension.swift"; sourceTree = "<group>"; };
		7BEA65FC28B963A20006B905 /* TagViewModel.swift */ = {isa = PBXFileReference; lastKnownFileType = sourcecode.swift; path = TagViewModel.swift; sourceTree = "<group>"; };
		7BEA65FE28B96F720006B905 /* ActivityViewController.swift */ = {isa = PBXFileReference; lastKnownFileType = sourcecode.swift; path = ActivityViewController.swift; sourceTree = "<group>"; };
		7BEA660128BA04FA0006B905 /* FavoritesView.swift */ = {isa = PBXFileReference; lastKnownFileType = sourcecode.swift; path = FavoritesView.swift; sourceTree = "<group>"; };
		7BEA660328BA05EA0006B905 /* Session.swift */ = {isa = PBXFileReference; lastKnownFileType = sourcecode.swift; path = Session.swift; sourceTree = "<group>"; };
		7BEA660528BA0DC90006B905 /* SessionViewModel.swift */ = {isa = PBXFileReference; lastKnownFileType = sourcecode.swift; path = SessionViewModel.swift; sourceTree = "<group>"; };
/* End PBXFileReference section */

/* Begin PBXFrameworksBuildPhase section */
		7BE9565428B500B300E60176 /* Frameworks */ = {
			isa = PBXFrameworksBuildPhase;
			buildActionMask = 2147483647;
			files = (
				7BEA65E228B77C400006B905 /* Alamofire in Frameworks */,
			);
			runOnlyForDeploymentPostprocessing = 0;
		};
/* End PBXFrameworksBuildPhase section */

/* Begin PBXGroup section */
		7BE9564E28B500B300E60176 = {
			isa = PBXGroup;
			children = (
				7BE9565928B500B300E60176 /* FaveQs */,
				7BE9565828B500B300E60176 /* Products */,
			);
			sourceTree = "<group>";
		};
		7BE9565828B500B300E60176 /* Products */ = {
			isa = PBXGroup;
			children = (
				7BE9565728B500B300E60176 /* FaveQs.app */,
			);
			name = Products;
			sourceTree = "<group>";
		};
		7BE9565928B500B300E60176 /* FaveQs */ = {
			isa = PBXGroup;
			children = (
				7BEA65F128B8CA5A0006B905 /* Info.plist */,
				7BE9565A28B500B300E60176 /* FaveQsApp.swift */,
				7BE9565C28B500B300E60176 /* ContentView.swift */,
				7BE9566928B500CA00E60176 /* Models */,
				7BE9566828B500C300E60176 /* Views */,
				7BEA65F328B8F5940006B905 /* View Models */,
				7BEA65C628B765240006B905 /* Utilities */,
				7BE9565E28B500B400E60176 /* Assets.xcassets */,
				7BE9566028B500B400E60176 /* Preview Content */,
			);
			path = FaveQs;
			sourceTree = "<group>";
		};
		7BE9566028B500B400E60176 /* Preview Content */ = {
			isa = PBXGroup;
			children = (
				7BE9566128B500B400E60176 /* Preview Assets.xcassets */,
			);
			path = "Preview Content";
			sourceTree = "<group>";
		};
		7BE9566828B500C300E60176 /* Views */ = {
			isa = PBXGroup;
			children = (
				7BE9566D28B5778A00E60176 /* Random Qoute */,
				7BEA65C128B7650D0006B905 /* Quote List */,
				7BEA660028BA04DF0006B905 /* Favorites */,
				7BE9566A28B535C200E60176 /* Login */,
			);
			path = Views;
			sourceTree = "<group>";
		};
		7BE9566928B500CA00E60176 /* Models */ = {
			isa = PBXGroup;
			children = (
				7BEA65D728B767410006B905 /* Quote.swift */,
				7BEA65E528B7BC010006B905 /* QuoteResponse.swift */,
				7BEA660328BA05EA0006B905 /* Session.swift */,
			);
			path = Models;
			sourceTree = "<group>";
		};
		7BE9566A28B535C200E60176 /* Login */ = {
			isa = PBXGroup;
			children = (
				7BE9566B28B535CE00E60176 /* LoginView.swift */,
			);
			path = Login;
			sourceTree = "<group>";
		};
		7BE9566D28B5778A00E60176 /* Random Qoute */ = {
			isa = PBXGroup;
			children = (
				7BE9566E28B577AF00E60176 /* RandomQuoteView.swift */,
			);
			name = "Random Qoute";
			path = "Random Quote";
			sourceTree = "<group>";
		};
		7BEA65C128B7650D0006B905 /* Quote List */ = {
			isa = PBXGroup;
			children = (
				7BEA65C228B7650D0006B905 /* QuoteListView.swift */,
				7BEA65C328B7650D0006B905 /* QuoteRow.swift */,
				7BEA65F228B8F48C0006B905 /* Quote Details */,
				7BEA65F628B935E20006B905 /* Filtered Quotes */,
			);
			path = "Quote List";
			sourceTree = "<group>";
		};
		7BEA65C628B765240006B905 /* Utilities */ = {
			isa = PBXGroup;
			children = (
				7BEA65D628B766430006B905 /* Services */,
				7BEA65C728B765240006B905 /* UI Components */,
				7BEA65CE28B765240006B905 /* Extensions */,
				7BEA65FE28B96F720006B905 /* ActivityViewController.swift */,
			);
			path = Utilities;
			sourceTree = "<group>";
		};
		7BEA65C728B765240006B905 /* UI Components */ = {
			isa = PBXGroup;
			children = (
				7BEA65C928B765240006B905 /* Custom Tab Bar */,
				7BEA65ED28B8148C0006B905 /* Theme.swift */,
				7BEA65EF28B8BD5C0006B905 /* HUDView.swift */,
				7BEA65F428B92C5A0006B905 /* ActionButton.swift */,
			);
			path = "UI Components";
			sourceTree = "<group>";
		};
		7BEA65C928B765240006B905 /* Custom Tab Bar */ = {
			isa = PBXGroup;
			children = (
				7BEA65CA28B765240006B905 /* CustomTabBarView.swift */,
				7BEA65CB28B765240006B905 /* TabBarButton.swift */,
			);
			path = "Custom Tab Bar";
			sourceTree = "<group>";
		};
		7BEA65CE28B765240006B905 /* Extensions */ = {
			isa = PBXGroup;
			children = (
				7BEA65CF28B765240006B905 /* Color+Extension.swift */,
				7BEA65FA28B951B70006B905 /* NSNotificationName+Extension.swift */,
			);
			path = Extensions;
			sourceTree = "<group>";
		};
		7BEA65D628B766430006B905 /* Services */ = {
			isa = PBXGroup;
			children = (
				7BEA65DC28B77B9E0006B905 /* Service.swift */,
			);
			path = Services;
			sourceTree = "<group>";
		};
		7BEA65F228B8F48C0006B905 /* Quote Details */ = {
			isa = PBXGroup;
			children = (
				7BEA65D928B769B80006B905 /* QuoteDetailsView.swift */,
				7BEA65CD28B765240006B905 /* TagsView.swift */,
			);
			path = "Quote Details";
			sourceTree = "<group>";
		};
		7BEA65F328B8F5940006B905 /* View Models */ = {
			isa = PBXGroup;
			children = (
				7BEA65E728B7BC1F0006B905 /* QuoteViewModel.swift */,
				7BEA660528BA0DC90006B905 /* SessionViewModel.swift */,
			);
			path = "View Models";
			sourceTree = "<group>";
		};
		7BEA65F628B935E20006B905 /* Filtered Quotes */ = {
			isa = PBXGroup;
			children = (
				7BEA65F828B9361B0006B905 /* FilteredQuotesView.swift */,
				7BEA65FC28B963A20006B905 /* TagViewModel.swift */,
			);
			path = "Filtered Quotes";
			sourceTree = "<group>";
		};
		7BEA660028BA04DF0006B905 /* Favorites */ = {
			isa = PBXGroup;
			children = (
				7BEA660128BA04FA0006B905 /* FavoritesView.swift */,
			);
			path = Favorites;
			sourceTree = "<group>";
		};
/* End PBXGroup section */

/* Begin PBXNativeTarget section */
		7BE9565628B500B300E60176 /* FaveQs */ = {
			isa = PBXNativeTarget;
			buildConfigurationList = 7BE9566528B500B400E60176 /* Build configuration list for PBXNativeTarget "FaveQs" */;
			buildPhases = (
				7BE9565328B500B300E60176 /* Sources */,
				7BE9565428B500B300E60176 /* Frameworks */,
				7BE9565528B500B300E60176 /* Resources */,
			);
			buildRules = (
			);
			dependencies = (
			);
			name = FaveQs;
			packageProductDependencies = (
				7BEA65E128B77C400006B905 /* Alamofire */,
			);
			productName = FaveQs;
			productReference = 7BE9565728B500B300E60176 /* FaveQs.app */;
			productType = "com.apple.product-type.application";
		};
/* End PBXNativeTarget section */

/* Begin PBXProject section */
		7BE9564F28B500B300E60176 /* Project object */ = {
			isa = PBXProject;
			attributes = {
				BuildIndependentTargetsInParallel = 1;
				LastSwiftUpdateCheck = 1340;
				LastUpgradeCheck = 1340;
				TargetAttributes = {
					7BE9565628B500B300E60176 = {
						CreatedOnToolsVersion = 13.4.1;
					};
				};
			};
			buildConfigurationList = 7BE9565228B500B300E60176 /* Build configuration list for PBXProject "FaveQs" */;
			compatibilityVersion = "Xcode 13.0";
			developmentRegion = en;
			hasScannedForEncodings = 0;
			knownRegions = (
				en,
				Base,
			);
			mainGroup = 7BE9564E28B500B300E60176;
			packageReferences = (
				7BEA65E028B77C400006B905 /* XCRemoteSwiftPackageReference "Alamofire" */,
			);
			productRefGroup = 7BE9565828B500B300E60176 /* Products */;
			projectDirPath = "";
			projectRoot = "";
			targets = (
				7BE9565628B500B300E60176 /* FaveQs */,
			);
		};
/* End PBXProject section */

/* Begin PBXResourcesBuildPhase section */
		7BE9565528B500B300E60176 /* Resources */ = {
			isa = PBXResourcesBuildPhase;
			buildActionMask = 2147483647;
			files = (
				7BE9566228B500B400E60176 /* Preview Assets.xcassets in Resources */,
				7BE9565F28B500B400E60176 /* Assets.xcassets in Resources */,
			);
			runOnlyForDeploymentPostprocessing = 0;
		};
/* End PBXResourcesBuildPhase section */

/* Begin PBXSourcesBuildPhase section */
		7BE9565328B500B300E60176 /* Sources */ = {
			isa = PBXSourcesBuildPhase;
			buildActionMask = 2147483647;
			files = (
				7BEA65F928B9361B0006B905 /* FilteredQuotesView.swift in Sources */,
				7BEA65EE28B8148C0006B905 /* Theme.swift in Sources */,
				7BEA65FD28B963A20006B905 /* TagViewModel.swift in Sources */,
				7BEA65C428B7650D0006B905 /* QuoteListView.swift in Sources */,
				7BEA65E628B7BC010006B905 /* QuoteResponse.swift in Sources */,
				7BEA65DD28B77B9E0006B905 /* Service.swift in Sources */,
				7BE9566C28B535CE00E60176 /* LoginView.swift in Sources */,
				7BEA65D128B765240006B905 /* CustomTabBarView.swift in Sources */,
				7BE9565D28B500B300E60176 /* ContentView.swift in Sources */,
				7BEA65D828B767410006B905 /* Quote.swift in Sources */,
				7BEA65E828B7BC1F0006B905 /* QuoteViewModel.swift in Sources */,
				7BEA660228BA04FA0006B905 /* FavoritesView.swift in Sources */,
				7BEA65F528B92C5A0006B905 /* ActionButton.swift in Sources */,
				7BEA65DA28B769B80006B905 /* QuoteDetailsView.swift in Sources */,
				7BEA65D228B765240006B905 /* TabBarButton.swift in Sources */,
				7BEA65D528B765240006B905 /* Color+Extension.swift in Sources */,
				7BEA660628BA0DC90006B905 /* SessionViewModel.swift in Sources */,
				7BEA65C528B7650D0006B905 /* QuoteRow.swift in Sources */,
				7BE9566F28B577AF00E60176 /* RandomQuoteView.swift in Sources */,
				7BEA65D428B765240006B905 /* TagsView.swift in Sources */,
				7BE9565B28B500B300E60176 /* FaveQsApp.swift in Sources */,
				7BEA660428BA05EA0006B905 /* Session.swift in Sources */,
				7BEA65FB28B951B70006B905 /* NSNotificationName+Extension.swift in Sources */,
				7BEA65F028B8BD5C0006B905 /* HUDView.swift in Sources */,
				7BEA65FF28B96F720006B905 /* ActivityViewController.swift in Sources */,
			);
			runOnlyForDeploymentPostprocessing = 0;
		};
/* End PBXSourcesBuildPhase section */

/* Begin XCBuildConfiguration section */
		7BE9566328B500B400E60176 /* Debug */ = {
			isa = XCBuildConfiguration;
			buildSettings = {
				ALWAYS_SEARCH_USER_PATHS = NO;
				CLANG_ANALYZER_NONNULL = YES;
				CLANG_ANALYZER_NUMBER_OBJECT_CONVERSION = YES_AGGRESSIVE;
				CLANG_CXX_LANGUAGE_STANDARD = "gnu++17";
				CLANG_ENABLE_MODULES = YES;
				CLANG_ENABLE_OBJC_ARC = YES;
				CLANG_ENABLE_OBJC_WEAK = YES;
				CLANG_WARN_BLOCK_CAPTURE_AUTORELEASING = YES;
				CLANG_WARN_BOOL_CONVERSION = YES;
				CLANG_WARN_COMMA = YES;
				CLANG_WARN_CONSTANT_CONVERSION = YES;
				CLANG_WARN_DEPRECATED_OBJC_IMPLEMENTATIONS = YES;
				CLANG_WARN_DIRECT_OBJC_ISA_USAGE = YES_ERROR;
				CLANG_WARN_DOCUMENTATION_COMMENTS = YES;
				CLANG_WARN_EMPTY_BODY = YES;
				CLANG_WARN_ENUM_CONVERSION = YES;
				CLANG_WARN_INFINITE_RECURSION = YES;
				CLANG_WARN_INT_CONVERSION = YES;
				CLANG_WARN_NON_LITERAL_NULL_CONVERSION = YES;
				CLANG_WARN_OBJC_IMPLICIT_RETAIN_SELF = YES;
				CLANG_WARN_OBJC_LITERAL_CONVERSION = YES;
				CLANG_WARN_OBJC_ROOT_CLASS = YES_ERROR;
				CLANG_WARN_QUOTED_INCLUDE_IN_FRAMEWORK_HEADER = YES;
				CLANG_WARN_RANGE_LOOP_ANALYSIS = YES;
				CLANG_WARN_STRICT_PROTOTYPES = YES;
				CLANG_WARN_SUSPICIOUS_MOVE = YES;
				CLANG_WARN_UNGUARDED_AVAILABILITY = YES_AGGRESSIVE;
				CLANG_WARN_UNREACHABLE_CODE = YES;
				CLANG_WARN__DUPLICATE_METHOD_MATCH = YES;
				COPY_PHASE_STRIP = NO;
				DEBUG_INFORMATION_FORMAT = dwarf;
				ENABLE_STRICT_OBJC_MSGSEND = YES;
				ENABLE_TESTABILITY = YES;
				GCC_C_LANGUAGE_STANDARD = gnu11;
				GCC_DYNAMIC_NO_PIC = NO;
				GCC_NO_COMMON_BLOCKS = YES;
				GCC_OPTIMIZATION_LEVEL = 0;
				GCC_PREPROCESSOR_DEFINITIONS = (
					"DEBUG=1",
					"$(inherited)",
				);
				GCC_WARN_64_TO_32_BIT_CONVERSION = YES;
				GCC_WARN_ABOUT_RETURN_TYPE = YES_ERROR;
				GCC_WARN_UNDECLARED_SELECTOR = YES;
				GCC_WARN_UNINITIALIZED_AUTOS = YES_AGGRESSIVE;
				GCC_WARN_UNUSED_FUNCTION = YES;
				GCC_WARN_UNUSED_VARIABLE = YES;
				IPHONEOS_DEPLOYMENT_TARGET = 15.5;
				MTL_ENABLE_DEBUG_INFO = INCLUDE_SOURCE;
				MTL_FAST_MATH = YES;
				ONLY_ACTIVE_ARCH = YES;
				SDKROOT = iphoneos;
				SWIFT_ACTIVE_COMPILATION_CONDITIONS = DEBUG;
				SWIFT_OPTIMIZATION_LEVEL = "-Onone";
			};
			name = Debug;
		};
		7BE9566428B500B400E60176 /* Release */ = {
			isa = XCBuildConfiguration;
			buildSettings = {
				ALWAYS_SEARCH_USER_PATHS = NO;
				CLANG_ANALYZER_NONNULL = YES;
				CLANG_ANALYZER_NUMBER_OBJECT_CONVERSION = YES_AGGRESSIVE;
				CLANG_CXX_LANGUAGE_STANDARD = "gnu++17";
				CLANG_ENABLE_MODULES = YES;
				CLANG_ENABLE_OBJC_ARC = YES;
				CLANG_ENABLE_OBJC_WEAK = YES;
				CLANG_WARN_BLOCK_CAPTURE_AUTORELEASING = YES;
				CLANG_WARN_BOOL_CONVERSION = YES;
				CLANG_WARN_COMMA = YES;
				CLANG_WARN_CONSTANT_CONVERSION = YES;
				CLANG_WARN_DEPRECATED_OBJC_IMPLEMENTATIONS = YES;
				CLANG_WARN_DIRECT_OBJC_ISA_USAGE = YES_ERROR;
				CLANG_WARN_DOCUMENTATION_COMMENTS = YES;
				CLANG_WARN_EMPTY_BODY = YES;
				CLANG_WARN_ENUM_CONVERSION = YES;
				CLANG_WARN_INFINITE_RECURSION = YES;
				CLANG_WARN_INT_CONVERSION = YES;
				CLANG_WARN_NON_LITERAL_NULL_CONVERSION = YES;
				CLANG_WARN_OBJC_IMPLICIT_RETAIN_SELF = YES;
				CLANG_WARN_OBJC_LITERAL_CONVERSION = YES;
				CLANG_WARN_OBJC_ROOT_CLASS = YES_ERROR;
				CLANG_WARN_QUOTED_INCLUDE_IN_FRAMEWORK_HEADER = YES;
				CLANG_WARN_RANGE_LOOP_ANALYSIS = YES;
				CLANG_WARN_STRICT_PROTOTYPES = YES;
				CLANG_WARN_SUSPICIOUS_MOVE = YES;
				CLANG_WARN_UNGUARDED_AVAILABILITY = YES_AGGRESSIVE;
				CLANG_WARN_UNREACHABLE_CODE = YES;
				CLANG_WARN__DUPLICATE_METHOD_MATCH = YES;
				COPY_PHASE_STRIP = NO;
				DEBUG_INFORMATION_FORMAT = "dwarf-with-dsym";
				ENABLE_NS_ASSERTIONS = NO;
				ENABLE_STRICT_OBJC_MSGSEND = YES;
				GCC_C_LANGUAGE_STANDARD = gnu11;
				GCC_NO_COMMON_BLOCKS = YES;
				GCC_WARN_64_TO_32_BIT_CONVERSION = YES;
				GCC_WARN_ABOUT_RETURN_TYPE = YES_ERROR;
				GCC_WARN_UNDECLARED_SELECTOR = YES;
				GCC_WARN_UNINITIALIZED_AUTOS = YES_AGGRESSIVE;
				GCC_WARN_UNUSED_FUNCTION = YES;
				GCC_WARN_UNUSED_VARIABLE = YES;
				IPHONEOS_DEPLOYMENT_TARGET = 15.5;
				MTL_ENABLE_DEBUG_INFO = NO;
				MTL_FAST_MATH = YES;
				SDKROOT = iphoneos;
				SWIFT_COMPILATION_MODE = wholemodule;
				SWIFT_OPTIMIZATION_LEVEL = "-O";
				VALIDATE_PRODUCT = YES;
			};
			name = Release;
		};
		7BE9566628B500B400E60176 /* Debug */ = {
			isa = XCBuildConfiguration;
			buildSettings = {
				ASSETCATALOG_COMPILER_APPICON_NAME = AppIcon;
				ASSETCATALOG_COMPILER_GLOBAL_ACCENT_COLOR_NAME = AccentColor;
				CODE_SIGN_STYLE = Automatic;
				CURRENT_PROJECT_VERSION = 1;
				DEVELOPMENT_ASSET_PATHS = "\"FaveQs/Preview Content\"";
				DEVELOPMENT_TEAM = JA88C6ETPT;
				ENABLE_PREVIEWS = YES;
				GENERATE_INFOPLIST_FILE = YES;
				INFOPLIST_FILE = FaveQs/Info.plist;
				INFOPLIST_KEY_UIApplicationSupportsIndirectInputEvents = YES;
				INFOPLIST_KEY_UILaunchScreen_Generation = YES;
				INFOPLIST_KEY_UIRequiresFullScreen = NO;
				INFOPLIST_KEY_UISupportedInterfaceOrientations = "UIInterfaceOrientationPortraitUpsideDown UIInterfaceOrientationPortrait";
				INFOPLIST_KEY_UISupportedInterfaceOrientations_iPad = "UIInterfaceOrientationPortrait UIInterfaceOrientationPortraitUpsideDown UIInterfaceOrientationLandscapeLeft UIInterfaceOrientationLandscapeRight";
				INFOPLIST_KEY_UISupportedInterfaceOrientations_iPhone = UIInterfaceOrientationPortrait;
				LD_RUNPATH_SEARCH_PATHS = (
					"$(inherited)",
					"@executable_path/Frameworks",
				);
				MARKETING_VERSION = 1.0;
				PRODUCT_BUNDLE_IDENTIFIER = "Mohammad-Komeili.FaveQs";
				PRODUCT_NAME = "$(TARGET_NAME)";
				SWIFT_EMIT_LOC_STRINGS = YES;
				SWIFT_VERSION = 5.0;
				TARGETED_DEVICE_FAMILY = "1,2";
			};
			name = Debug;
		};
		7BE9566728B500B400E60176 /* Release */ = {
			isa = XCBuildConfiguration;
			buildSettings = {
				ASSETCATALOG_COMPILER_APPICON_NAME = AppIcon;
				ASSETCATALOG_COMPILER_GLOBAL_ACCENT_COLOR_NAME = AccentColor;
				CODE_SIGN_STYLE = Automatic;
				CURRENT_PROJECT_VERSION = 1;
				DEVELOPMENT_ASSET_PATHS = "\"FaveQs/Preview Content\"";
				DEVELOPMENT_TEAM = JA88C6ETPT;
				ENABLE_PREVIEWS = YES;
				GENERATE_INFOPLIST_FILE = YES;
				INFOPLIST_FILE = FaveQs/Info.plist;
				INFOPLIST_KEY_UIApplicationSupportsIndirectInputEvents = YES;
				INFOPLIST_KEY_UILaunchScreen_Generation = YES;
				INFOPLIST_KEY_UIRequiresFullScreen = NO;
				INFOPLIST_KEY_UISupportedInterfaceOrientations = "UIInterfaceOrientationPortraitUpsideDown UIInterfaceOrientationPortrait";
				INFOPLIST_KEY_UISupportedInterfaceOrientations_iPad = "UIInterfaceOrientationPortrait UIInterfaceOrientationPortraitUpsideDown UIInterfaceOrientationLandscapeLeft UIInterfaceOrientationLandscapeRight";
				INFOPLIST_KEY_UISupportedInterfaceOrientations_iPhone = UIInterfaceOrientationPortrait;
				LD_RUNPATH_SEARCH_PATHS = (
					"$(inherited)",
					"@executable_path/Frameworks",
				);
				MARKETING_VERSION = 1.0;
				PRODUCT_BUNDLE_IDENTIFIER = "Mohammad-Komeili.FaveQs";
				PRODUCT_NAME = "$(TARGET_NAME)";
				SWIFT_EMIT_LOC_STRINGS = YES;
				SWIFT_VERSION = 5.0;
				TARGETED_DEVICE_FAMILY = "1,2";
			};
			name = Release;
		};
/* End XCBuildConfiguration section */

/* Begin XCConfigurationList section */
		7BE9565228B500B300E60176 /* Build configuration list for PBXProject "FaveQs" */ = {
			isa = XCConfigurationList;
			buildConfigurations = (
				7BE9566328B500B400E60176 /* Debug */,
				7BE9566428B500B400E60176 /* Release */,
			);
			defaultConfigurationIsVisible = 0;
			defaultConfigurationName = Release;
		};
		7BE9566528B500B400E60176 /* Build configuration list for PBXNativeTarget "FaveQs" */ = {
			isa = XCConfigurationList;
			buildConfigurations = (
				7BE9566628B500B400E60176 /* Debug */,
				7BE9566728B500B400E60176 /* Release */,
			);
			defaultConfigurationIsVisible = 0;
			defaultConfigurationName = Release;
		};
/* End XCConfigurationList section */

/* Begin XCRemoteSwiftPackageReference section */
		7BEA65E028B77C400006B905 /* XCRemoteSwiftPackageReference "Alamofire" */ = {
			isa = XCRemoteSwiftPackageReference;
			repositoryURL = "https://github.com/Alamofire/Alamofire.git";
			requirement = {
				branch = master;
				kind = branch;
			};
		};
/* End XCRemoteSwiftPackageReference section */

/* Begin XCSwiftPackageProductDependency section */
		7BEA65E128B77C400006B905 /* Alamofire */ = {
			isa = XCSwiftPackageProductDependency;
			package = 7BEA65E028B77C400006B905 /* XCRemoteSwiftPackageReference "Alamofire" */;
			productName = Alamofire;
		};
/* End XCSwiftPackageProductDependency section */
	};
	rootObject = 7BE9564F28B500B300E60176 /* Project object */;
}
